// !$*UTF8*$!
{
	archiveVersion = 1;
	classes = {
	};
	objectVersion = 51;
	objects = {

/* Begin PBXBuildFile section */
		2AF50EC22F753091D389A763 /* Pods_OCUnitTestsWithSwift.framework in Frameworks */ = {isa = PBXBuildFile; fileRef = 2D3898B5E39CE70E90BFC30C /* Pods_OCUnitTestsWithSwift.framework */; };
		5669724122EFFF26002B25B7 /* APIServiceTests.swift in Sources */ = {isa = PBXBuildFile; fileRef = 5682B29522EF00E600BFDC29 /* APIServiceTests.swift */; };
		5682B27222EEFF3D00BFDC29 /* AppDelegate.m in Sources */ = {isa = PBXBuildFile; fileRef = 5682B27122EEFF3D00BFDC29 /* AppDelegate.m */; };
		5682B27522EEFF3D00BFDC29 /* ViewController.m in Sources */ = {isa = PBXBuildFile; fileRef = 5682B27422EEFF3D00BFDC29 /* ViewController.m */; };
		5682B27822EEFF3D00BFDC29 /* Main.storyboard in Resources */ = {isa = PBXBuildFile; fileRef = 5682B27622EEFF3D00BFDC29 /* Main.storyboard */; };
		5682B27A22EEFF3E00BFDC29 /* Assets.xcassets in Resources */ = {isa = PBXBuildFile; fileRef = 5682B27922EEFF3E00BFDC29 /* Assets.xcassets */; };
		5682B27D22EEFF3E00BFDC29 /* LaunchScreen.storyboard in Resources */ = {isa = PBXBuildFile; fileRef = 5682B27B22EEFF3E00BFDC29 /* LaunchScreen.storyboard */; };
		5682B28022EEFF3E00BFDC29 /* main.m in Sources */ = {isa = PBXBuildFile; fileRef = 5682B27F22EEFF3E00BFDC29 /* main.m */; };
		5682B28A22EEFF3E00BFDC29 /* OCUnitTestsWithSwiftTests.m in Sources */ = {isa = PBXBuildFile; fileRef = 5682B28922EEFF3E00BFDC29 /* OCUnitTestsWithSwiftTests.m */; };
		5682B29922EF011000BFDC29 /* APIService.swift in Sources */ = {isa = PBXBuildFile; fileRef = 5682B29822EF011000BFDC29 /* APIService.swift */; };
		56B3067922F05AB8003F82E2 /* MaskedURLMock.json in Resources */ = {isa = PBXBuildFile; fileRef = 56B3067822F05AB8003F82E2 /* MaskedURLMock.json */; };
		56B3068122F0641C003F82E2 /* DataSourceViewModel.swift in Sources */ = {isa = PBXBuildFile; fileRef = 56B3068022F0641B003F82E2 /* DataSourceViewModel.swift */; };
		C5DE235A7BCB7DE566CB2E2D /* Pods_OCUnitTestsWithSwiftTests.framework in Frameworks */ = {isa = PBXBuildFile; fileRef = 25720110A64C8ADFBF5D291C /* Pods_OCUnitTestsWithSwiftTests.framework */; };
/* End PBXBuildFile section */

/* Begin PBXContainerItemProxy section */
		5682B28622EEFF3E00BFDC29 /* PBXContainerItemProxy */ = {
			isa = PBXContainerItemProxy;
			containerPortal = 5682B26522EEFF3D00BFDC29 /* Project object */;
			proxyType = 1;
			remoteGlobalIDString = 5682B26C22EEFF3D00BFDC29;
			remoteInfo = OCUnitTestsWithSwift;
		};
/* End PBXContainerItemProxy section */

/* Begin PBXFileReference section */
		25720110A64C8ADFBF5D291C /* Pods_OCUnitTestsWithSwiftTests.framework */ = {isa = PBXFileReference; explicitFileType = wrapper.framework; includeInIndex = 0; path = Pods_OCUnitTestsWithSwiftTests.framework; sourceTree = BUILT_PRODUCTS_DIR; };
		2D3898B5E39CE70E90BFC30C /* Pods_OCUnitTestsWithSwift.framework */ = {isa = PBXFileReference; explicitFileType = wrapper.framework; includeInIndex = 0; path = Pods_OCUnitTestsWithSwift.framework; sourceTree = BUILT_PRODUCTS_DIR; };
		2EAC7EB81205042528E5F984 /* Pods-OCUnitTestsWithSwiftTests.release.xcconfig */ = {isa = PBXFileReference; includeInIndex = 1; lastKnownFileType = text.xcconfig; name = "Pods-OCUnitTestsWithSwiftTests.release.xcconfig"; path = "Target Support Files/Pods-OCUnitTestsWithSwiftTests/Pods-OCUnitTestsWithSwiftTests.release.xcconfig"; sourceTree = "<group>"; };
		4F4685CA9D5A061EFD020846 /* Pods-OCUnitTestsWithSwift.debug.xcconfig */ = {isa = PBXFileReference; includeInIndex = 1; lastKnownFileType = text.xcconfig; name = "Pods-OCUnitTestsWithSwift.debug.xcconfig"; path = "Target Support Files/Pods-OCUnitTestsWithSwift/Pods-OCUnitTestsWithSwift.debug.xcconfig"; sourceTree = "<group>"; };
		5682B26D22EEFF3D00BFDC29 /* OCUnitTestsWithSwift.app */ = {isa = PBXFileReference; explicitFileType = wrapper.application; includeInIndex = 0; path = OCUnitTestsWithSwift.app; sourceTree = BUILT_PRODUCTS_DIR; };
		5682B27022EEFF3D00BFDC29 /* AppDelegate.h */ = {isa = PBXFileReference; lastKnownFileType = sourcecode.c.h; path = AppDelegate.h; sourceTree = "<group>"; };
		5682B27122EEFF3D00BFDC29 /* AppDelegate.m */ = {isa = PBXFileReference; lastKnownFileType = sourcecode.c.objc; path = AppDelegate.m; sourceTree = "<group>"; };
		5682B27322EEFF3D00BFDC29 /* ViewController.h */ = {isa = PBXFileReference; lastKnownFileType = sourcecode.c.h; path = ViewController.h; sourceTree = "<group>"; };
		5682B27422EEFF3D00BFDC29 /* ViewController.m */ = {isa = PBXFileReference; lastKnownFileType = sourcecode.c.objc; path = ViewController.m; sourceTree = "<group>"; };
		5682B27722EEFF3D00BFDC29 /* Base */ = {isa = PBXFileReference; lastKnownFileType = file.storyboard; name = Base; path = Base.lproj/Main.storyboard; sourceTree = "<group>"; };
		5682B27922EEFF3E00BFDC29 /* Assets.xcassets */ = {isa = PBXFileReference; lastKnownFileType = folder.assetcatalog; path = Assets.xcassets; sourceTree = "<group>"; };
		5682B27C22EEFF3E00BFDC29 /* Base */ = {isa = PBXFileReference; lastKnownFileType = file.storyboard; name = Base; path = Base.lproj/LaunchScreen.storyboard; sourceTree = "<group>"; };
		5682B27E22EEFF3E00BFDC29 /* Info.plist */ = {isa = PBXFileReference; lastKnownFileType = text.plist.xml; path = Info.plist; sourceTree = "<group>"; };
		5682B27F22EEFF3E00BFDC29 /* main.m */ = {isa = PBXFileReference; lastKnownFileType = sourcecode.c.objc; path = main.m; sourceTree = "<group>"; };
		5682B28522EEFF3E00BFDC29 /* OCUnitTestsWithSwiftTests.xctest */ = {isa = PBXFileReference; explicitFileType = wrapper.cfbundle; includeInIndex = 0; path = OCUnitTestsWithSwiftTests.xctest; sourceTree = BUILT_PRODUCTS_DIR; };
		5682B28922EEFF3E00BFDC29 /* OCUnitTestsWithSwiftTests.m */ = {isa = PBXFileReference; lastKnownFileType = sourcecode.c.objc; path = OCUnitTestsWithSwiftTests.m; sourceTree = "<group>"; };
		5682B28B22EEFF3E00BFDC29 /* Info.plist */ = {isa = PBXFileReference; lastKnownFileType = text.plist.xml; path = Info.plist; sourceTree = "<group>"; };
		5682B29422EF00E500BFDC29 /* OCUnitTestsWithSwiftTests-Bridging-Header.h */ = {isa = PBXFileReference; lastKnownFileType = sourcecode.c.h; path = "OCUnitTestsWithSwiftTests-Bridging-Header.h"; sourceTree = "<group>"; };
		5682B29522EF00E600BFDC29 /* APIServiceTests.swift */ = {isa = PBXFileReference; lastKnownFileType = sourcecode.swift; path = APIServiceTests.swift; sourceTree = "<group>"; };
		5682B29722EF011000BFDC29 /* OCUnitTestsWithSwift-Bridging-Header.h */ = {isa = PBXFileReference; lastKnownFileType = sourcecode.c.h; path = "OCUnitTestsWithSwift-Bridging-Header.h"; sourceTree = "<group>"; };
		5682B29822EF011000BFDC29 /* APIService.swift */ = {isa = PBXFileReference; lastKnownFileType = sourcecode.swift; path = APIService.swift; sourceTree = "<group>"; };
		56B3067822F05AB8003F82E2 /* MaskedURLMock.json */ = {isa = PBXFileReference; fileEncoding = 4; lastKnownFileType = text.json; path = MaskedURLMock.json; sourceTree = "<group>"; };
		56B3067B22F06402003F82E2 /* Scene.swift */ = {isa = PBXFileReference; lastKnownFileType = sourcecode.swift; path = Scene.swift; sourceTree = "<group>"; };
		56B3067C22F06402003F82E2 /* Scene+ViewController.swift */ = {isa = PBXFileReference; lastKnownFileType = sourcecode.swift; path = "Scene+ViewController.swift"; sourceTree = "<group>"; };
		56B3067D22F06402003F82E2 /* SceneCoordinatorType.swift */ = {isa = PBXFileReference; lastKnownFileType = sourcecode.swift; path = SceneCoordinatorType.swift; sourceTree = "<group>"; };
		56B3067E22F06402003F82E2 /* SceneTransitionType.swift */ = {isa = PBXFileReference; lastKnownFileType = sourcecode.swift; path = SceneTransitionType.swift; sourceTree = "<group>"; };
		56B3067F22F06402003F82E2 /* SceneCoordinator.swift */ = {isa = PBXFileReference; lastKnownFileType = sourcecode.swift; path = SceneCoordinator.swift; sourceTree = "<group>"; };
		56B3068022F0641B003F82E2 /* DataSourceViewModel.swift */ = {isa = PBXFileReference; lastKnownFileType = sourcecode.swift; path = DataSourceViewModel.swift; sourceTree = "<group>"; };
		999B0BB9D05317E079D847C3 /* Pods-OCUnitTestsWithSwiftTests.debug.xcconfig */ = {isa = PBXFileReference; includeInIndex = 1; lastKnownFileType = text.xcconfig; name = "Pods-OCUnitTestsWithSwiftTests.debug.xcconfig"; path = "Target Support Files/Pods-OCUnitTestsWithSwiftTests/Pods-OCUnitTestsWithSwiftTests.debug.xcconfig"; sourceTree = "<group>"; };
		B1C0713661C5CC3028B0EA61 /* Pods-OCUnitTestsWithSwift.release.xcconfig */ = {isa = PBXFileReference; includeInIndex = 1; lastKnownFileType = text.xcconfig; name = "Pods-OCUnitTestsWithSwift.release.xcconfig"; path = "Target Support Files/Pods-OCUnitTestsWithSwift/Pods-OCUnitTestsWithSwift.release.xcconfig"; sourceTree = "<group>"; };
/* End PBXFileReference section */

/* Begin PBXFrameworksBuildPhase section */
		5682B26A22EEFF3D00BFDC29 /* Frameworks */ = {
			isa = PBXFrameworksBuildPhase;
			buildActionMask = 2147483647;
			files = (
				2AF50EC22F753091D389A763 /* Pods_OCUnitTestsWithSwift.framework in Frameworks */,
			);
			runOnlyForDeploymentPostprocessing = 0;
		};
		5682B28222EEFF3E00BFDC29 /* Frameworks */ = {
			isa = PBXFrameworksBuildPhase;
			buildActionMask = 2147483647;
			files = (
				C5DE235A7BCB7DE566CB2E2D /* Pods_OCUnitTestsWithSwiftTests.framework in Frameworks */,
			);
			runOnlyForDeploymentPostprocessing = 0;
		};
/* End PBXFrameworksBuildPhase section */

/* Begin PBXGroup section */
		08C64E63E747419EAE95EB2F /* Pods */ = {
			isa = PBXGroup;
			children = (
				4F4685CA9D5A061EFD020846 /* Pods-OCUnitTestsWithSwift.debug.xcconfig */,
				B1C0713661C5CC3028B0EA61 /* Pods-OCUnitTestsWithSwift.release.xcconfig */,
				999B0BB9D05317E079D847C3 /* Pods-OCUnitTestsWithSwiftTests.debug.xcconfig */,
				2EAC7EB81205042528E5F984 /* Pods-OCUnitTestsWithSwiftTests.release.xcconfig */,
			);
			path = Pods;
			sourceTree = "<group>";
		};
		5682B26422EEFF3D00BFDC29 = {
			isa = PBXGroup;
			children = (
				5682B26F22EEFF3D00BFDC29 /* OCUnitTestsWithSwift */,
				5682B28822EEFF3E00BFDC29 /* OCUnitTestsWithSwiftTests */,
				5682B26E22EEFF3D00BFDC29 /* Products */,
				5682B29422EF00E500BFDC29 /* OCUnitTestsWithSwiftTests-Bridging-Header.h */,
				5682B29722EF011000BFDC29 /* OCUnitTestsWithSwift-Bridging-Header.h */,
				08C64E63E747419EAE95EB2F /* Pods */,
				A133DC267D7BA68637ED824D /* Frameworks */,
			);
			sourceTree = "<group>";
		};
		5682B26E22EEFF3D00BFDC29 /* Products */ = {
			isa = PBXGroup;
			children = (
				5682B26D22EEFF3D00BFDC29 /* OCUnitTestsWithSwift.app */,
				5682B28522EEFF3E00BFDC29 /* OCUnitTestsWithSwiftTests.xctest */,
			);
			name = Products;
			sourceTree = "<group>";
		};
		5682B26F22EEFF3D00BFDC29 /* OCUnitTestsWithSwift */ = {
			isa = PBXGroup;
			children = (
				56B3068022F0641B003F82E2 /* DataSourceViewModel.swift */,
				5682B29822EF011000BFDC29 /* APIService.swift */,
				56B3067A22F06402003F82E2 /* Scenes */,
				5682B27022EEFF3D00BFDC29 /* AppDelegate.h */,
				5682B27122EEFF3D00BFDC29 /* AppDelegate.m */,
				5682B27322EEFF3D00BFDC29 /* ViewController.h */,
				5682B27422EEFF3D00BFDC29 /* ViewController.m */,
				5682B27622EEFF3D00BFDC29 /* Main.storyboard */,
				5682B27922EEFF3E00BFDC29 /* Assets.xcassets */,
				5682B27B22EEFF3E00BFDC29 /* LaunchScreen.storyboard */,
				5682B27E22EEFF3E00BFDC29 /* Info.plist */,
				5682B27F22EEFF3E00BFDC29 /* main.m */,
			);
			path = OCUnitTestsWithSwift;
			sourceTree = "<group>";
		};
		5682B28822EEFF3E00BFDC29 /* OCUnitTestsWithSwiftTests */ = {
			isa = PBXGroup;
			children = (
				56B3067822F05AB8003F82E2 /* MaskedURLMock.json */,
				5682B29522EF00E600BFDC29 /* APIServiceTests.swift */,
				5682B28922EEFF3E00BFDC29 /* OCUnitTestsWithSwiftTests.m */,
				5682B28B22EEFF3E00BFDC29 /* Info.plist */,
			);
			path = OCUnitTestsWithSwiftTests;
			sourceTree = "<group>";
		};
		56B3067A22F06402003F82E2 /* Scenes */ = {
			isa = PBXGroup;
			children = (
				56B3067B22F06402003F82E2 /* Scene.swift */,
				56B3067C22F06402003F82E2 /* Scene+ViewController.swift */,
				56B3067D22F06402003F82E2 /* SceneCoordinatorType.swift */,
				56B3067E22F06402003F82E2 /* SceneTransitionType.swift */,
				56B3067F22F06402003F82E2 /* SceneCoordinator.swift */,
			);
			path = Scenes;
			sourceTree = "<group>";
		};
		A133DC267D7BA68637ED824D /* Frameworks */ = {
			isa = PBXGroup;
			children = (
				2D3898B5E39CE70E90BFC30C /* Pods_OCUnitTestsWithSwift.framework */,
				25720110A64C8ADFBF5D291C /* Pods_OCUnitTestsWithSwiftTests.framework */,
			);
			name = Frameworks;
			sourceTree = "<group>";
		};
/* End PBXGroup section */

/* Begin PBXNativeTarget section */
		5682B26C22EEFF3D00BFDC29 /* OCUnitTestsWithSwift */ = {
			isa = PBXNativeTarget;
			buildConfigurationList = 5682B28E22EEFF3E00BFDC29 /* Build configuration list for PBXNativeTarget "OCUnitTestsWithSwift" */;
			buildPhases = (
				3DD605FA4335B35F3828F636 /* [CP] Check Pods Manifest.lock */,
				5682B26922EEFF3D00BFDC29 /* Sources */,
				5682B26A22EEFF3D00BFDC29 /* Frameworks */,
				5682B26B22EEFF3D00BFDC29 /* Resources */,
				E52B074201A674BF3D1999E7 /* [CP] Embed Pods Frameworks */,
			);
			buildRules = (
			);
			dependencies = (
			);
			name = OCUnitTestsWithSwift;
			productName = OCUnitTestsWithSwift;
			productReference = 5682B26D22EEFF3D00BFDC29 /* OCUnitTestsWithSwift.app */;
			productType = "com.apple.product-type.application";
		};
		5682B28422EEFF3E00BFDC29 /* OCUnitTestsWithSwiftTests */ = {
			isa = PBXNativeTarget;
			buildConfigurationList = 5682B29122EEFF3E00BFDC29 /* Build configuration list for PBXNativeTarget "OCUnitTestsWithSwiftTests" */;
			buildPhases = (
				352402135C15C92C2FD5CCD3 /* [CP] Check Pods Manifest.lock */,
				5682B28122EEFF3E00BFDC29 /* Sources */,
				5682B28222EEFF3E00BFDC29 /* Frameworks */,
				5682B28322EEFF3E00BFDC29 /* Resources */,
				D8631C59EB3E89943CE1A81C /* [CP] Embed Pods Frameworks */,
			);
			buildRules = (
			);
			dependencies = (
				5682B28722EEFF3E00BFDC29 /* PBXTargetDependency */,
			);
			name = OCUnitTestsWithSwiftTests;
			productName = OCUnitTestsWithSwiftTests;
			productReference = 5682B28522EEFF3E00BFDC29 /* OCUnitTestsWithSwiftTests.xctest */;
			productType = "com.apple.product-type.bundle.unit-test";
		};
/* End PBXNativeTarget section */

/* Begin PBXProject section */
		5682B26522EEFF3D00BFDC29 /* Project object */ = {
			isa = PBXProject;
			attributes = {
				LastUpgradeCheck = 1030;
				ORGANIZATIONNAME = SKY;
				TargetAttributes = {
					5682B26C22EEFF3D00BFDC29 = {
						CreatedOnToolsVersion = 10.3;
						LastSwiftMigration = 1030;
					};
					5682B28422EEFF3E00BFDC29 = {
						CreatedOnToolsVersion = 10.3;
						LastSwiftMigration = 1030;
						TestTargetID = 5682B26C22EEFF3D00BFDC29;
					};
				};
			};
			buildConfigurationList = 5682B26822EEFF3D00BFDC29 /* Build configuration list for PBXProject "OCUnitTestsWithSwift" */;
			compatibilityVersion = "Xcode 9.3";
			developmentRegion = en;
			hasScannedForEncodings = 0;
			knownRegions = (
				en,
				Base,
			);
			mainGroup = 5682B26422EEFF3D00BFDC29;
			productRefGroup = 5682B26E22EEFF3D00BFDC29 /* Products */;
			projectDirPath = "";
			projectRoot = "";
			targets = (
				5682B26C22EEFF3D00BFDC29 /* OCUnitTestsWithSwift */,
				5682B28422EEFF3E00BFDC29 /* OCUnitTestsWithSwiftTests */,
			);
		};
/* End PBXProject section */

/* Begin PBXResourcesBuildPhase section */
		5682B26B22EEFF3D00BFDC29 /* Resources */ = {
			isa = PBXResourcesBuildPhase;
			buildActionMask = 2147483647;
			files = (
				5682B27D22EEFF3E00BFDC29 /* LaunchScreen.storyboard in Resources */,
				5682B27A22EEFF3E00BFDC29 /* Assets.xcassets in Resources */,
				5682B27822EEFF3D00BFDC29 /* Main.storyboard in Resources */,
			);
			runOnlyForDeploymentPostprocessing = 0;
		};
		5682B28322EEFF3E00BFDC29 /* Resources */ = {
			isa = PBXResourcesBuildPhase;
			buildActionMask = 2147483647;
			files = (
				56B3067922F05AB8003F82E2 /* MaskedURLMock.json in Resources */,
			);
			runOnlyForDeploymentPostprocessing = 0;
		};
/* End PBXResourcesBuildPhase section */

/* Begin PBXShellScriptBuildPhase section */
		352402135C15C92C2FD5CCD3 /* [CP] Check Pods Manifest.lock */ = {
			isa = PBXShellScriptBuildPhase;
			buildActionMask = 2147483647;
			files = (
			);
			inputFileListPaths = (
			);
			inputPaths = (
				"${PODS_PODFILE_DIR_PATH}/Podfile.lock",
				"${PODS_ROOT}/Manifest.lock",
			);
			name = "[CP] Check Pods Manifest.lock";
			outputFileListPaths = (
			);
			outputPaths = (
				"$(DERIVED_FILE_DIR)/Pods-OCUnitTestsWithSwiftTests-checkManifestLockResult.txt",
			);
			runOnlyForDeploymentPostprocessing = 0;
			shellPath = /bin/sh;
			shellScript = "diff \"${PODS_PODFILE_DIR_PATH}/Podfile.lock\" \"${PODS_ROOT}/Manifest.lock\" > /dev/null\nif [ $? != 0 ] ; then\n    # print error to STDERR\n    echo \"error: The sandbox is not in sync with the Podfile.lock. Run 'pod install' or update your CocoaPods installation.\" >&2\n    exit 1\nfi\n# This output is used by Xcode 'outputs' to avoid re-running this script phase.\necho \"SUCCESS\" > \"${SCRIPT_OUTPUT_FILE_0}\"\n";
			showEnvVarsInLog = 0;
		};
		3DD605FA4335B35F3828F636 /* [CP] Check Pods Manifest.lock */ = {
			isa = PBXShellScriptBuildPhase;
			buildActionMask = 2147483647;
			files = (
			);
			inputFileListPaths = (
			);
			inputPaths = (
				"${PODS_PODFILE_DIR_PATH}/Podfile.lock",
				"${PODS_ROOT}/Manifest.lock",
			);
			name = "[CP] Check Pods Manifest.lock";
			outputFileListPaths = (
			);
			outputPaths = (
				"$(DERIVED_FILE_DIR)/Pods-OCUnitTestsWithSwift-checkManifestLockResult.txt",
			);
			runOnlyForDeploymentPostprocessing = 0;
			shellPath = /bin/sh;
			shellScript = "diff \"${PODS_PODFILE_DIR_PATH}/Podfile.lock\" \"${PODS_ROOT}/Manifest.lock\" > /dev/null\nif [ $? != 0 ] ; then\n    # print error to STDERR\n    echo \"error: The sandbox is not in sync with the Podfile.lock. Run 'pod install' or update your CocoaPods installation.\" >&2\n    exit 1\nfi\n# This output is used by Xcode 'outputs' to avoid re-running this script phase.\necho \"SUCCESS\" > \"${SCRIPT_OUTPUT_FILE_0}\"\n";
			showEnvVarsInLog = 0;
		};
		D8631C59EB3E89943CE1A81C /* [CP] Embed Pods Frameworks */ = {
			isa = PBXShellScriptBuildPhase;
			buildActionMask = 2147483647;
			files = (
			);
			inputFileListPaths = (
				"${PODS_ROOT}/Target Support Files/Pods-OCUnitTestsWithSwiftTests/Pods-OCUnitTestsWithSwiftTests-frameworks-${CONFIGURATION}-input-files.xcfilelist",
			);
			name = "[CP] Embed Pods Frameworks";
			outputFileListPaths = (
				"${PODS_ROOT}/Target Support Files/Pods-OCUnitTestsWithSwiftTests/Pods-OCUnitTestsWithSwiftTests-frameworks-${CONFIGURATION}-output-files.xcfilelist",
			);
			runOnlyForDeploymentPostprocessing = 0;
			shellPath = /bin/sh;
			shellScript = "\"${PODS_ROOT}/Target Support Files/Pods-OCUnitTestsWithSwiftTests/Pods-OCUnitTestsWithSwiftTests-frameworks.sh\"\n";
			showEnvVarsInLog = 0;
		};
		E52B074201A674BF3D1999E7 /* [CP] Embed Pods Frameworks */ = {
			isa = PBXShellScriptBuildPhase;
			buildActionMask = 2147483647;
			files = (
			);
			inputFileListPaths = (
				"${PODS_ROOT}/Target Support Files/Pods-OCUnitTestsWithSwift/Pods-OCUnitTestsWithSwift-frameworks-${CONFIGURATION}-input-files.xcfilelist",
			);
			name = "[CP] Embed Pods Frameworks";
			outputFileListPaths = (
				"${PODS_ROOT}/Target Support Files/Pods-OCUnitTestsWithSwift/Pods-OCUnitTestsWithSwift-frameworks-${CONFIGURATION}-output-files.xcfilelist",
			);
			runOnlyForDeploymentPostprocessing = 0;
			shellPath = /bin/sh;
			shellScript = "\"${PODS_ROOT}/Target Support Files/Pods-OCUnitTestsWithSwift/Pods-OCUnitTestsWithSwift-frameworks.sh\"\n";
			showEnvVarsInLog = 0;
		};
/* End PBXShellScriptBuildPhase section */

/* Begin PBXSourcesBuildPhase section */
		5682B26922EEFF3D00BFDC29 /* Sources */ = {
			isa = PBXSourcesBuildPhase;
			buildActionMask = 2147483647;
			files = (
				5682B27522EEFF3D00BFDC29 /* ViewController.m in Sources */,
				5682B28022EEFF3E00BFDC29 /* main.m in Sources */,
				5682B29922EF011000BFDC29 /* APIService.swift in Sources */,
				5682B27222EEFF3D00BFDC29 /* AppDelegate.m in Sources */,
				56B3068122F0641C003F82E2 /* DataSourceViewModel.swift in Sources */,
			);
			runOnlyForDeploymentPostprocessing = 0;
		};
		5682B28122EEFF3E00BFDC29 /* Sources */ = {
			isa = PBXSourcesBuildPhase;
			buildActionMask = 2147483647;
			files = (
				5669724122EFFF26002B25B7 /* APIServiceTests.swift in Sources */,
				5682B28A22EEFF3E00BFDC29 /* OCUnitTestsWithSwiftTests.m in Sources */,
			);
			runOnlyForDeploymentPostprocessing = 0;
		};
/* End PBXSourcesBuildPhase section */

/* Begin PBXTargetDependency section */
		5682B28722EEFF3E00BFDC29 /* PBXTargetDependency */ = {
			isa = PBXTargetDependency;
			target = 5682B26C22EEFF3D00BFDC29 /* OCUnitTestsWithSwift */;
			targetProxy = 5682B28622EEFF3E00BFDC29 /* PBXContainerItemProxy */;
		};
/* End PBXTargetDependency section */

/* Begin PBXVariantGroup section */
		5682B27622EEFF3D00BFDC29 /* Main.storyboard */ = {
			isa = PBXVariantGroup;
			children = (
				5682B27722EEFF3D00BFDC29 /* Base */,
			);
			name = Main.storyboard;
			sourceTree = "<group>";
		};
		5682B27B22EEFF3E00BFDC29 /* LaunchScreen.storyboard */ = {
			isa = PBXVariantGroup;
			children = (
				5682B27C22EEFF3E00BFDC29 /* Base */,
			);
			name = LaunchScreen.storyboard;
			sourceTree = "<group>";
		};
/* End PBXVariantGroup section */

/* Begin XCBuildConfiguration section */
		5682B28C22EEFF3E00BFDC29 /* Debug */ = {
			isa = XCBuildConfiguration;
			buildSettings = {
				ALWAYS_EMBED_SWIFT_STANDARD_LIBRARIES = "$(inherited)";
				ALWAYS_SEARCH_USER_PATHS = NO;
				CLANG_ANALYZER_NONNULL = YES;
				CLANG_ANALYZER_NUMBER_OBJECT_CONVERSION = YES_AGGRESSIVE;
				CLANG_CXX_LANGUAGE_STANDARD = "gnu++14";
				CLANG_CXX_LIBRARY = "libc++";
				CLANG_ENABLE_MODULES = YES;
				CLANG_ENABLE_OBJC_ARC = YES;
				CLANG_ENABLE_OBJC_WEAK = YES;
				CLANG_WARN_BLOCK_CAPTURE_AUTORELEASING = YES;
				CLANG_WARN_BOOL_CONVERSION = YES;
				CLANG_WARN_COMMA = YES;
				CLANG_WARN_CONSTANT_CONVERSION = YES;
				CLANG_WARN_DEPRECATED_OBJC_IMPLEMENTATIONS = YES;
				CLANG_WARN_DIRECT_OBJC_ISA_USAGE = YES_ERROR;
				CLANG_WARN_DOCUMENTATION_COMMENTS = YES;
				CLANG_WARN_EMPTY_BODY = YES;
				CLANG_WARN_ENUM_CONVERSION = YES;
				CLANG_WARN_INFINITE_RECURSION = YES;
				CLANG_WARN_INT_CONVERSION = YES;
				CLANG_WARN_NON_LITERAL_NULL_CONVERSION = YES;
				CLANG_WARN_OBJC_IMPLICIT_RETAIN_SELF = YES;
				CLANG_WARN_OBJC_LITERAL_CONVERSION = YES;
				CLANG_WARN_OBJC_ROOT_CLASS = YES_ERROR;
				CLANG_WARN_RANGE_LOOP_ANALYSIS = YES;
				CLANG_WARN_STRICT_PROTOTYPES = YES;
				CLANG_WARN_SUSPICIOUS_MOVE = YES;
				CLANG_WARN_UNGUARDED_AVAILABILITY = YES_AGGRESSIVE;
				CLANG_WARN_UNREACHABLE_CODE = YES;
				CLANG_WARN__DUPLICATE_METHOD_MATCH = YES;
				CODE_SIGN_IDENTITY = "iPhone Developer";
				COPY_PHASE_STRIP = NO;
				DEBUG_INFORMATION_FORMAT = dwarf;
				ENABLE_STRICT_OBJC_MSGSEND = YES;
				ENABLE_TESTABILITY = YES;
				GCC_C_LANGUAGE_STANDARD = gnu11;
				GCC_DYNAMIC_NO_PIC = NO;
				GCC_NO_COMMON_BLOCKS = YES;
				GCC_OPTIMIZATION_LEVEL = 0;
				GCC_PREPROCESSOR_DEFINITIONS = (
					"DEBUG=1",
					"$(inherited)",
				);
				GCC_WARN_64_TO_32_BIT_CONVERSION = YES;
				GCC_WARN_ABOUT_RETURN_TYPE = YES_ERROR;
				GCC_WARN_UNDECLARED_SELECTOR = YES;
				GCC_WARN_UNINITIALIZED_AUTOS = YES_AGGRESSIVE;
				GCC_WARN_UNUSED_FUNCTION = YES;
				GCC_WARN_UNUSED_VARIABLE = YES;
				IPHONEOS_DEPLOYMENT_TARGET = 12.4;
				MTL_ENABLE_DEBUG_INFO = INCLUDE_SOURCE;
				MTL_FAST_MATH = YES;
				ONLY_ACTIVE_ARCH = YES;
				SDKROOT = iphoneos;
			};
			name = Debug;
		};
		5682B28D22EEFF3E00BFDC29 /* Release */ = {
			isa = XCBuildConfiguration;
			buildSettings = {
				ALWAYS_EMBED_SWIFT_STANDARD_LIBRARIES = "$(inherited)";
				ALWAYS_SEARCH_USER_PATHS = NO;
				CLANG_ANALYZER_NONNULL = YES;
				CLANG_ANALYZER_NUMBER_OBJECT_CONVERSION = YES_AGGRESSIVE;
				CLANG_CXX_LANGUAGE_STANDARD = "gnu++14";
				CLANG_CXX_LIBRARY = "libc++";
				CLANG_ENABLE_MODULES = YES;
				CLANG_ENABLE_OBJC_ARC = YES;
				CLANG_ENABLE_OBJC_WEAK = YES;
				CLANG_WARN_BLOCK_CAPTURE_AUTORELEASING = YES;
				CLANG_WARN_BOOL_CONVERSION = YES;
				CLANG_WARN_COMMA = YES;
				CLANG_WARN_CONSTANT_CONVERSION = YES;
				CLANG_WARN_DEPRECATED_OBJC_IMPLEMENTATIONS = YES;
				CLANG_WARN_DIRECT_OBJC_ISA_USAGE = YES_ERROR;
				CLANG_WARN_DOCUMENTATION_COMMENTS = YES;
				CLANG_WARN_EMPTY_BODY = YES;
				CLANG_WARN_ENUM_CONVERSION = YES;
				CLANG_WARN_INFINITE_RECURSION = YES;
				CLANG_WARN_INT_CONVERSION = YES;
				CLANG_WARN_NON_LITERAL_NULL_CONVERSION = YES;
				CLANG_WARN_OBJC_IMPLICIT_RETAIN_SELF = YES;
				CLANG_WARN_OBJC_LITERAL_CONVERSION = YES;
				CLANG_WARN_OBJC_ROOT_CLASS = YES_ERROR;
				CLANG_WARN_RANGE_LOOP_ANALYSIS = YES;
				CLANG_WARN_STRICT_PROTOTYPES = YES;
				CLANG_WARN_SUSPICIOUS_MOVE = YES;
				CLANG_WARN_UNGUARDED_AVAILABILITY = YES_AGGRESSIVE;
				CLANG_WARN_UNREACHABLE_CODE = YES;
				CLANG_WARN__DUPLICATE_METHOD_MATCH = YES;
				CODE_SIGN_IDENTITY = "iPhone Developer";
				COPY_PHASE_STRIP = NO;
				DEBUG_INFORMATION_FORMAT = "dwarf-with-dsym";
				ENABLE_NS_ASSERTIONS = NO;
				ENABLE_STRICT_OBJC_MSGSEND = YES;
				GCC_C_LANGUAGE_STANDARD = gnu11;
				GCC_NO_COMMON_BLOCKS = YES;
				GCC_WARN_64_TO_32_BIT_CONVERSION = YES;
				GCC_WARN_ABOUT_RETURN_TYPE = YES_ERROR;
				GCC_WARN_UNDECLARED_SELECTOR = YES;
				GCC_WARN_UNINITIALIZED_AUTOS = YES_AGGRESSIVE;
				GCC_WARN_UNUSED_FUNCTION = YES;
				GCC_WARN_UNUSED_VARIABLE = YES;
				IPHONEOS_DEPLOYMENT_TARGET = 12.4;
				MTL_ENABLE_DEBUG_INFO = NO;
				MTL_FAST_MATH = YES;
				SDKROOT = iphoneos;
				VALIDATE_PRODUCT = YES;
			};
			name = Release;
		};
		5682B28F22EEFF3E00BFDC29 /* Debug */ = {
			isa = XCBuildConfiguration;
			baseConfigurationReference = 4F4685CA9D5A061EFD020846 /* Pods-OCUnitTestsWithSwift.debug.xcconfig */;
			buildSettings = {
				ALWAYS_EMBED_SWIFT_STANDARD_LIBRARIES = "$(inherited)";
				ASSETCATALOG_COMPILER_APPICON_NAME = AppIcon;
				CLANG_ENABLE_MODULES = YES;
				CODE_SIGN_STYLE = Automatic;
				DEVELOPMENT_TEAM = JM48469R2H;
				INFOPLIST_FILE = OCUnitTestsWithSwift/Info.plist;
				LD_RUNPATH_SEARCH_PATHS = (
					"$(inherited)",
					"@executable_path/Frameworks",
				);
				PRODUCT_BUNDLE_IDENTIFIER = nz.co.skytv.OCUnitTestsWithSwift;
				PRODUCT_NAME = "$(TARGET_NAME)";
				SWIFT_OBJC_BRIDGING_HEADER = "OCUnitTestsWithSwift-Bridging-Header.h";
				SWIFT_OPTIMIZATION_LEVEL = "-Onone";
				SWIFT_VERSION = 5.0;
				TARGETED_DEVICE_FAMILY = "1,2";
			};
			name = Debug;
		};
		5682B29022EEFF3E00BFDC29 /* Release */ = {
			isa = XCBuildConfiguration;
			baseConfigurationReference = B1C0713661C5CC3028B0EA61 /* Pods-OCUnitTestsWithSwift.release.xcconfig */;
			buildSettings = {
				ALWAYS_EMBED_SWIFT_STANDARD_LIBRARIES = "$(inherited)";
				ASSETCATALOG_COMPILER_APPICON_NAME = AppIcon;
				CLANG_ENABLE_MODULES = YES;
				CODE_SIGN_STYLE = Automatic;
				DEVELOPMENT_TEAM = JM48469R2H;
				INFOPLIST_FILE = OCUnitTestsWithSwift/Info.plist;
				LD_RUNPATH_SEARCH_PATHS = (
					"$(inherited)",
					"@executable_path/Frameworks",
				);
				PRODUCT_BUNDLE_IDENTIFIER = nz.co.skytv.OCUnitTestsWithSwift;
				PRODUCT_NAME = "$(TARGET_NAME)";
				SWIFT_OBJC_BRIDGING_HEADER = "OCUnitTestsWithSwift-Bridging-Header.h";
				SWIFT_VERSION = 5.0;
				TARGETED_DEVICE_FAMILY = "1,2";
			};
			name = Release;
		};
		5682B29222EEFF3E00BFDC29 /* Debug */ = {
			isa = XCBuildConfiguration;
			baseConfigurationReference = 999B0BB9D05317E079D847C3 /* Pods-OCUnitTestsWithSwiftTests.debug.xcconfig */;
			buildSettings = {
				ALWAYS_EMBED_SWIFT_STANDARD_LIBRARIES = "$(inherited)";
				BUNDLE_LOADER = "$(TEST_HOST)";
				CLANG_ENABLE_MODULES = YES;
				CODE_SIGN_STYLE = Automatic;
				DEVELOPMENT_TEAM = JM48469R2H;
				INFOPLIST_FILE = OCUnitTestsWithSwiftTests/Info.plist;
				LD_RUNPATH_SEARCH_PATHS = (
					"$(inherited)",
					"@executable_path/Frameworks",
					"@loader_path/Frameworks",
				);
				PRODUCT_BUNDLE_IDENTIFIER = nz.co.skytv.OCUnitTestsWithSwiftTests;
				PRODUCT_NAME = "$(TARGET_NAME)";
				SWIFT_OBJC_BRIDGING_HEADER = "OCUnitTestsWithSwiftTests-Bridging-Header.h";
				SWIFT_OPTIMIZATION_LEVEL = "-Onone";
				SWIFT_VERSION = 5.0;
				TARGETED_DEVICE_FAMILY = "1,2";
				TEST_HOST = "$(BUILT_PRODUCTS_DIR)/OCUnitTestsWithSwift.app/OCUnitTestsWithSwift";
			};
			name = Debug;
		};
		5682B29322EEFF3E00BFDC29 /* Release */ = {
			isa = XCBuildConfiguration;
			baseConfigurationReference = 2EAC7EB81205042528E5F984 /* Pods-OCUnitTestsWithSwiftTests.release.xcconfig */;
			buildSettings = {
				ALWAYS_EMBED_SWIFT_STANDARD_LIBRARIES = "$(inherited)";
				BUNDLE_LOADER = "$(TEST_HOST)";
				CLANG_ENABLE_MODULES = YES;
				CODE_SIGN_STYLE = Automatic;
				DEVELOPMENT_TEAM = JM48469R2H;
				INFOPLIST_FILE = OCUnitTestsWithSwiftTests/Info.plist;
				LD_RUNPATH_SEARCH_PATHS = (
					"$(inherited)",
					"@executable_path/Frameworks",
					"@loader_path/Frameworks",
				);
				PRODUCT_BUNDLE_IDENTIFIER = nz.co.skytv.OCUnitTestsWithSwiftTests;
				PRODUCT_NAME = "$(TARGET_NAME)";
				SWIFT_OBJC_BRIDGING_HEADER = "OCUnitTestsWithSwiftTests-Bridging-Header.h";
				SWIFT_VERSION = 5.0;
				TARGETED_DEVICE_FAMILY = "1,2";
				TEST_HOST = "$(BUILT_PRODUCTS_DIR)/OCUnitTestsWithSwift.app/OCUnitTestsWithSwift";
			};
			name = Release;
		};
/* End XCBuildConfiguration section */

/* Begin XCConfigurationList section */
		5682B26822EEFF3D00BFDC29 /* Build configuration list for PBXProject "OCUnitTestsWithSwift" */ = {
			isa = XCConfigurationList;
			buildConfigurations = (
				5682B28C22EEFF3E00BFDC29 /* Debug */,
				5682B28D22EEFF3E00BFDC29 /* Release */,
			);
			defaultConfigurationIsVisible = 0;
			defaultConfigurationName = Release;
		};
		5682B28E22EEFF3E00BFDC29 /* Build configuration list for PBXNativeTarget "OCUnitTestsWithSwift" */ = {
			isa = XCConfigurationList;
			buildConfigurations = (
				5682B28F22EEFF3E00BFDC29 /* Debug */,
				5682B29022EEFF3E00BFDC29 /* Release */,
			);
			defaultConfigurationIsVisible = 0;
			defaultConfigurationName = Release;
		};
		5682B29122EEFF3E00BFDC29 /* Build configuration list for PBXNativeTarget "OCUnitTestsWithSwiftTests" */ = {
			isa = XCConfigurationList;
			buildConfigurations = (
				5682B29222EEFF3E00BFDC29 /* Debug */,
				5682B29322EEFF3E00BFDC29 /* Release */,
			);
			defaultConfigurationIsVisible = 0;
			defaultConfigurationName = Release;
		};
/* End XCConfigurationList section */
	};
	rootObject = 5682B26522EEFF3D00BFDC29 /* Project object */;
}
